
Microsoft Visual Studio Solution File, Format Version 12.00
# Visual Studio 15
VisualStudioVersion = 15.0.27130.2010
MinimumVisualStudioVersion = 10.0.40219.1
Project("{FAE04EC0-301F-11D3-BF4B-00C04F79EFBC}") = "Collections", "Collections\Collections.csproj", "{CBB4814E-1191-466D-A431-57E336C2382F}"
EndProject
Global
	GlobalSection(SolutionConfigurationPlatforms) = preSolution
		Debug|Any CPU = Debug|Any CPU
		Release|Any CPU = Release|Any CPU
	EndGlobalSection
	GlobalSection(ProjectConfigurationPlatforms) = postSolution
		{CBB4814E-1191-466D-A431-57E336C2382F}.Debug|Any CPU.ActiveCfg = Debug|Any CPU
		{CBB4814E-1191-466D-A431-57E336C2382F}.Debug|Any CPU.Build.0 = Debug|Any CPU
		{CBB4814E-1191-466D-A431-57E336C2382F}.Release|Any CPU.ActiveCfg = Release|Any CPU
		{CBB4814E-1191-466D-A431-57E336C2382F}.Release|Any CPU.Build.0 = Release|Any CPU
	EndGlobalSection
	GlobalSection(SolutionProperties) = preSolution
		HideSolutionNode = FALSE
	EndGlobalSection
	GlobalSection(ExtensibilityGlobals) = postSolution
		SolutionGuid = {BEADF7D0-3C76-4E22-B8E2-7E8D3B4D321E}
	EndGlobalSection
EndGlobal
